{
    "version": "0.5",
    "requires": [
        "zstd/1.5.7#b68ca8e3de04ba5957761751d1d661f4%1760955092.069",
        "zlib/1.3.1#cac0f6daea041b0ccf42934163defb20%1765284699.337",
        "xz_utils/5.8.3#a8432fead347c69d8b2737c35f936132%1775752656.4",
        "pugixml/1.14#c6afdcf73d71858303d8260b0d76ff91%1696206310.014",
        "openssl/3.6.3#b4bb3a8c7e7ede15b767fead90c11688%1781033588.157",
        "opengl/system#cfcf523b9d2bad75cbf377f56562634c%1762526044.744",
        "nlohmann_json/3.11.3#45828be26eb619a2e04ca517bb7b828d%1701220705.259",
        "muparser/2.3.2#d550f70425de73e72d1cd9f2232da3ee%1675698187.527",
        "minizip-ng/4.0.7#a7aab1f8bd47bce7438d111a27e2247f%1776243020.687",
        "libpng/1.6.58#19cb72905ae54f54948401f753faa2c1%1776606503.628",
        "libdxfrw/2.2.0#4e944e736f8d0820e82345a8bba0e0d1%1672574140.945",
        "glu/system#5f205c4daa8fe4f820869771146885de%1781079534.704",
        "glm/1.0.1#94392c53a527f7d830119b84fe80c754%1713951421.775",
        "glew/2.2.0#3a3eacd9dc24111c323773993c365b49%1744188138.33",
        "freetype/2.13.3#75ca69fb4dc1a016c91b7f422ae58adc%1756828313.132",
        "eigen/3.4.0#e7256a460e38f651ab0aa5246f94cf6a%1759398149.964",
        "bzip2/1.0.8#c470882369c2d95c5c77e970c0c7e321%1762886692.465",
        "brotli/1.1.0#3f631ef77008f7b5eb388780116371a3%1764862343.045",
        "boost/1.90.0#ddd0d973741acbebe7c3b8dfbfd005eb%1778050994.937",
        "boost/1.86.0#aa6d9ddaf19c636a44f44be7ce4165f2%1778051002.793"
    ],
    "build_requires": [
        "strawberryperl/5.32.1.1#8d114504d172cfea8ea1662d09b6333e%1751971032.423",
        "pkgconf/2.5.1#93c2051284cba1279494a43a4fcfeae2%1757684701.089",
        "ninja/1.13.2#c8c5dc2a52ed6e4e42a66d75b4717ceb%1764096931.974",
        "nasm/2.16.01#31e26f2ee3c4346ecd347911bd126904%1745483323.489",
        "meson/1.10.2#9d2d10681fe7fe61c788c58626c89b25%1775558003.754",
        "cmake/4.3.3#840cf00ea09777e05c2050a50a82c722%1781521538.233"
    ],
    "python_requires": [],
    "config_requires": []
}
